
Microsoft Visual Studio Solution File, Format Version 12.00
# Visual Studio Version 17
VisualStudioVersion = 17.9.34723.18
MinimumVisualStudioVersion = 10.0.40219.1
Project("{FAE04EC0-301F-11D3-BF4B-00C04F79EFBC}") = "abode", "abode\abode.csproj", "{E250CAD3-7085-42E5-A3BC-E7FD602B9063}"
EndProject
Project("{2150E333-8FDC-42A3-9474-1A3956D46DE8}") = "Solution Items", "Solution Items", "{44ADF882-8648-4D6C-ADF4-5F70BD924376}"
	ProjectSection(SolutionItems) = preProject
		.editorconfig = .editorconfig
	EndProjectSection
EndProject
Global
	GlobalSection(SolutionConfigurationPlatforms) = preSolution
		Debug|Any CPU = Debug|Any CPU
		Release|Any CPU = Release|Any CPU
	EndGlobalSection
	GlobalSection(ProjectConfigurationPlatforms) = postSolution
		{E250CAD3-7085-42E5-A3BC-E7FD602B9063}.Debug|Any CPU.ActiveCfg = Debug|Any CPU
		{E250CAD3-7085-42E5-A3BC-E7FD602B9063}.Debug|Any CPU.Build.0 = Debug|Any CPU
		{E250CAD3-7085-42E5-A3BC-E7FD602B9063}.Release|Any CPU.ActiveCfg = Release|Any CPU
		{E250CAD3-7085-42E5-A3BC-E7FD602B9063}.Release|Any CPU.Build.0 = Release|Any CPU
	EndGlobalSection
	GlobalSection(SolutionProperties) = preSolution
		HideSolutionNode = FALSE
	EndGlobalSection
	GlobalSection(ExtensibilityGlobals) = postSolution
		SolutionGuid = {1B8DE8C3-60D3-4250-B92C-1CF13B9B5A34}
	EndGlobalSection
EndGlobal
