
Microsoft Visual Studio Solution File, Format Version 12.00
# Visual Studio Version 17
VisualStudioVersion = 17.9.34723.18
MinimumVisualStudioVersion = 10.0.40219.1
Project("{FAE04EC0-301F-11D3-BF4B-00C04F79EFBC}") = "Abode Mvc", "Abode Mvc.csproj", "{8D972A2A-2CA4-4D4F-8A7E-5C9BF1725FDB}"
EndProject
Global
	GlobalSection(SolutionConfigurationPlatforms) = preSolution
		Debug|Any CPU = Debug|Any CPU
		Release|Any CPU = Release|Any CPU
	EndGlobalSection
	GlobalSection(ProjectConfigurationPlatforms) = postSolution
		{8D972A2A-2CA4-4D4F-8A7E-5C9BF1725FDB}.Debug|Any CPU.ActiveCfg = Debug|Any CPU
		{8D972A2A-2CA4-4D4F-8A7E-5C9BF1725FDB}.Debug|Any CPU.Build.0 = Debug|Any CPU
		{8D972A2A-2CA4-4D4F-8A7E-5C9BF1725FDB}.Release|Any CPU.ActiveCfg = Release|Any CPU
		{8D972A2A-2CA4-4D4F-8A7E-5C9BF1725FDB}.Release|Any CPU.Build.0 = Release|Any CPU
	EndGlobalSection
	GlobalSection(SolutionProperties) = preSolution
		HideSolutionNode = FALSE
	EndGlobalSection
	GlobalSection(ExtensibilityGlobals) = postSolution
		SolutionGuid = {F612C9FA-9230-4665-A154-EB432818FA9A}
	EndGlobalSection
EndGlobal
